// !$*UTF8*$!
{
	archiveVersion = 1;
	classes = {
	};
	objectVersion = 77;
	objects = {

/* Begin PBXBuildFile section */
		7DD70B052FCCBDD5005F10EA /* Poppins-SemiBold.ttf in Resources */ = {isa = PBXBuildFile; fileRef = 7DD70B002FCCBDD5005F10EA /* Poppins-SemiBold.ttf */; };
		7DD70B062FCCBDD5005F10EA /* Poppins-Thin.ttf in Resources */ = {isa = PBXBuildFile; fileRef = 7DD70B022FCCBDD5005F10EA /* Poppins-Thin.ttf */; };
		7DD70B072FCCBDD5005F10EA /* Poppins-BlackItalic.ttf in Resources */ = {isa = PBXBuildFile; fileRef = 7DD70AF32FCCBDD5005F10EA /* Poppins-BlackItalic.ttf */; };
		7DD70B082FCCBDD5005F10EA /* Poppins-ExtraLight.ttf in Resources */ = {isa = PBXBuildFile; fileRef = 7DD70AF82FCCBDD5005F10EA /* Poppins-ExtraLight.ttf */; };
		7DD70B0A2FCCBDD5005F10EA /* Poppins-Medium.ttf in Resources */ = {isa = PBXBuildFile; fileRef = 7DD70AFD2FCCBDD5005F10EA /* Poppins-Medium.ttf */; };
		7DD70B0B2FCCBDD5005F10EA /* Poppins-ExtraBoldItalic.ttf in Resources */ = {isa = PBXBuildFile; fileRef = 7DD70AF72FCCBDD5005F10EA /* Poppins-ExtraBoldItalic.ttf */; };
		7DD70B0C2FCCBDD5005F10EA /* Poppins-ExtraLightItalic.ttf in Resources */ = {isa = PBXBuildFile; fileRef = 7DD70AF92FCCBDD5005F10EA /* Poppins-ExtraLightItalic.ttf */; };
		7DD70B0D2FCCBDD5005F10EA /* Poppins-Italic.ttf in Resources */ = {isa = PBXBuildFile; fileRef = 7DD70AFA2FCCBDD5005F10EA /* Poppins-Italic.ttf */; };
		7DD70B0E2FCCBDD5005F10EA /* Poppins-ThinItalic.ttf in Resources */ = {isa = PBXBuildFile; fileRef = 7DD70B032FCCBDD5005F10EA /* Poppins-ThinItalic.ttf */; };
		7DD70B0F2FCCBDD5005F10EA /* Poppins-LightItalic.ttf in Resources */ = {isa = PBXBuildFile; fileRef = 7DD70AFC2FCCBDD5005F10EA /* Poppins-LightItalic.ttf */; };
		7DD70B102FCCBDD5005F10EA /* Poppins-Regular.ttf in Resources */ = {isa = PBXBuildFile; fileRef = 7DD70AFF2FCCBDD5005F10EA /* Poppins-Regular.ttf */; };
		7DD70B112FCCBDD5005F10EA /* Poppins-BoldItalic.ttf in Resources */ = {isa = PBXBuildFile; fileRef = 7DD70AF52FCCBDD5005F10EA /* Poppins-BoldItalic.ttf */; };
		7DD70B122FCCBDD5005F10EA /* Poppins-Black.ttf in Resources */ = {isa = PBXBuildFile; fileRef = 7DD70AF22FCCBDD5005F10EA /* Poppins-Black.ttf */; };
		7DD70B132FCCBDD5005F10EA /* Poppins-Light.ttf in Resources */ = {isa = PBXBuildFile; fileRef = 7DD70AFB2FCCBDD5005F10EA /* Poppins-Light.ttf */; };
		7DD70B142FCCBDD5005F10EA /* Poppins-SemiBoldItalic.ttf in Resources */ = {isa = PBXBuildFile; fileRef = 7DD70B012FCCBDD5005F10EA /* Poppins-SemiBoldItalic.ttf */; };
		7DD70B152FCCBDD5005F10EA /* Poppins-MediumItalic.ttf in Resources */ = {isa = PBXBuildFile; fileRef = 7DD70AFE2FCCBDD5005F10EA /* Poppins-MediumItalic.ttf */; };
		7DD70B162FCCBDD5005F10EA /* Poppins-ExtraBold.ttf in Resources */ = {isa = PBXBuildFile; fileRef = 7DD70AF62FCCBDD5005F10EA /* Poppins-ExtraBold.ttf */; };
		7DD70B172FCCBDD5005F10EA /* Poppins-Bold.ttf in Resources */ = {isa = PBXBuildFile; fileRef = 7DD70AF42FCCBDD5005F10EA /* Poppins-Bold.ttf */; };
/* End PBXBuildFile section */

/* Begin PBXFileReference section */
		7DD70AE22FCCBC67005F10EA /* koliko+.app */ = {isa = PBXFileReference; explicitFileType = wrapper.application; includeInIndex = 0; path = "koliko+.app"; sourceTree = BUILT_PRODUCTS_DIR; };
		7DD70AF22FCCBDD5005F10EA /* Poppins-Black.ttf */ = {isa = PBXFileReference; lastKnownFileType = file; path = "Poppins-Black.ttf"; sourceTree = "<group>"; };
		7DD70AF32FCCBDD5005F10EA /* Poppins-BlackItalic.ttf */ = {isa = PBXFileReference; lastKnownFileType = file; path = "Poppins-BlackItalic.ttf"; sourceTree = "<group>"; };
		7DD70AF42FCCBDD5005F10EA /* Poppins-Bold.ttf */ = {isa = PBXFileReference; lastKnownFileType = file; path = "Poppins-Bold.ttf"; sourceTree = "<group>"; };
		7DD70AF52FCCBDD5005F10EA /* Poppins-BoldItalic.ttf */ = {isa = PBXFileReference; lastKnownFileType = file; path = "Poppins-BoldItalic.ttf"; sourceTree = "<group>"; };
		7DD70AF62FCCBDD5005F10EA /* Poppins-ExtraBold.ttf */ = {isa = PBXFileReference; lastKnownFileType = file; path = "Poppins-ExtraBold.ttf"; sourceTree = "<group>"; };
		7DD70AF72FCCBDD5005F10EA /* Poppins-ExtraBoldItalic.ttf */ = {isa = PBXFileReference; lastKnownFileType = file; path = "Poppins-ExtraBoldItalic.ttf"; sourceTree = "<group>"; };
		7DD70AF82FCCBDD5005F10EA /* Poppins-ExtraLight.ttf */ = {isa = PBXFileReference; lastKnownFileType = file; path = "Poppins-ExtraLight.ttf"; sourceTree = "<group>"; };
		7DD70AF92FCCBDD5005F10EA /* Poppins-ExtraLightItalic.ttf */ = {isa = PBXFileReference; lastKnownFileType = file; path = "Poppins-ExtraLightItalic.ttf"; sourceTree = "<group>"; };
		7DD70AFA2FCCBDD5005F10EA /* Poppins-Italic.ttf */ = {isa = PBXFileReference; lastKnownFileType = file; path = "Poppins-Italic.ttf"; sourceTree = "<group>"; };
		7DD70AFB2FCCBDD5005F10EA /* Poppins-Light.ttf */ = {isa = PBXFileReference; lastKnownFileType = file; path = "Poppins-Light.ttf"; sourceTree = "<group>"; };
		7DD70AFC2FCCBDD5005F10EA /* Poppins-LightItalic.ttf */ = {isa = PBXFileReference; lastKnownFileType = file; path = "Poppins-LightItalic.ttf"; sourceTree = "<group>"; };
		7DD70AFD2FCCBDD5005F10EA /* Poppins-Medium.ttf */ = {isa = PBXFileReference; lastKnownFileType = file; path = "Poppins-Medium.ttf"; sourceTree = "<group>"; };
		7DD70AFE2FCCBDD5005F10EA /* Poppins-MediumItalic.ttf */ = {isa = PBXFileReference; lastKnownFileType = file; path = "Poppins-MediumItalic.ttf"; sourceTree = "<group>"; };
		7DD70AFF2FCCBDD5005F10EA /* Poppins-Regular.ttf */ = {isa = PBXFileReference; lastKnownFileType = file; path = "Poppins-Regular.ttf"; sourceTree = "<group>"; };
		7DD70B002FCCBDD5005F10EA /* Poppins-SemiBold.ttf */ = {isa = PBXFileReference; lastKnownFileType = file; path = "Poppins-SemiBold.ttf"; sourceTree = "<group>"; };
		7DD70B012FCCBDD5005F10EA /* Poppins-SemiBoldItalic.ttf */ = {isa = PBXFileReference; lastKnownFileType = file; path = "Poppins-SemiBoldItalic.ttf"; sourceTree = "<group>"; };
		7DD70B022FCCBDD5005F10EA /* Poppins-Thin.ttf */ = {isa = PBXFileReference; lastKnownFileType = file; path = "Poppins-Thin.ttf"; sourceTree = "<group>"; };
		7DD70B032FCCBDD5005F10EA /* Poppins-ThinItalic.ttf */ = {isa = PBXFileReference; lastKnownFileType = file; path = "Poppins-ThinItalic.ttf"; sourceTree = "<group>"; };
/* End PBXFileReference section */

/* Begin PBXFileSystemSynchronizedRootGroup section */
		7DB9B14D2FC3CB3B00A9A0D6 /* koliko+ */ = {
			isa = PBXFileSystemSynchronizedRootGroup;
			path = "koliko+";
			sourceTree = "<group>";
		};
		7DBC12B82FC9F4C6007F1E41 /* .github */ = {
			isa = PBXFileSystemSynchronizedRootGroup;
			path = .github;
			sourceTree = "<group>";
		};
/* End PBXFileSystemSynchronizedRootGroup section */

/* Begin PBXFrameworksBuildPhase section */
		7DB9B1482FC3CB3B00A9A0D6 /* Frameworks */ = {
			isa = PBXFrameworksBuildPhase;
			buildActionMask = 2147483647;
			files = (
			);
			runOnlyForDeploymentPostprocessing = 0;
		};
/* End PBXFrameworksBuildPhase section */

/* Begin PBXGroup section */
		7DB9B1422FC3CB3B00A9A0D6 = {
			isa = PBXGroup;
			children = (
				7DB9B14D2FC3CB3B00A9A0D6 /* koliko+ */,
				7DBC12B82FC9F4C6007F1E41 /* .github */,
				7DD70AE22FCCBC67005F10EA /* koliko+.app */,
				7DD70AF22FCCBDD5005F10EA /* Poppins-Black.ttf */,
				7DD70AF32FCCBDD5005F10EA /* Poppins-BlackItalic.ttf */,
				7DD70AF42FCCBDD5005F10EA /* Poppins-Bold.ttf */,
				7DD70AF52FCCBDD5005F10EA /* Poppins-BoldItalic.ttf */,
				7DD70AF62FCCBDD5005F10EA /* Poppins-ExtraBold.ttf */,
				7DD70AF72FCCBDD5005F10EA /* Poppins-ExtraBoldItalic.ttf */,
				7DD70AF82FCCBDD5005F10EA /* Poppins-ExtraLight.ttf */,
				7DD70AF92FCCBDD5005F10EA /* Poppins-ExtraLightItalic.ttf */,
				7DD70AFA2FCCBDD5005F10EA /* Poppins-Italic.ttf */,
				7DD70AFB2FCCBDD5005F10EA /* Poppins-Light.ttf */,
				7DD70AFC2FCCBDD5005F10EA /* Poppins-LightItalic.ttf */,
				7DD70AFD2FCCBDD5005F10EA /* Poppins-Medium.ttf */,
				7DD70AFE2FCCBDD5005F10EA /* Poppins-MediumItalic.ttf */,
				7DD70AFF2FCCBDD5005F10EA /* Poppins-Regular.ttf */,
				7DD70B002FCCBDD5005F10EA /* Poppins-SemiBold.ttf */,
				7DD70B012FCCBDD5005F10EA /* Poppins-SemiBoldItalic.ttf */,
				7DD70B022FCCBDD5005F10EA /* Poppins-Thin.ttf */,
				7DD70B032FCCBDD5005F10EA /* Poppins-ThinItalic.ttf */,
			);
			sourceTree = "<group>";
		};
/* End PBXGroup section */

/* Begin PBXNativeTarget section */
		7DB9B14A2FC3CB3B00A9A0D6 /* koliko+ */ = {
			isa = PBXNativeTarget;
			buildConfigurationList = 7DB9B1562FC3CB3F00A9A0D6 /* Build configuration list for PBXNativeTarget "koliko+" */;
			buildPhases = (
				7DB9B1472FC3CB3B00A9A0D6 /* Sources */,
				7DB9B1482FC3CB3B00A9A0D6 /* Frameworks */,
				7DB9B1492FC3CB3B00A9A0D6 /* Resources */,
				7DD70B212FCCD431005F10EA /* ShellScript */,
			);
			buildRules = (
			);
			dependencies = (
			);
			fileSystemSynchronizedGroups = (
				7DB9B14D2FC3CB3B00A9A0D6 /* koliko+ */,
				7DBC12B82FC9F4C6007F1E41 /* .github */,
			);
			name = "koliko+";
			packageProductDependencies = (
			);
			productName = "koliko+";
			productReference = 7DD70AE22FCCBC67005F10EA /* koliko+.app */;
			productType = "com.apple.product-type.application";
		};
/* End PBXNativeTarget section */

/* Begin PBXProject section */
		7DB9B1432FC3CB3B00A9A0D6 /* Project object */ = {
			isa = PBXProject;
			attributes = {
				BuildIndependentTargetsInParallel = 1;
				LastSwiftUpdateCheck = 2650;
				LastUpgradeCheck = 2650;
				TargetAttributes = {
					7DB9B14A2FC3CB3B00A9A0D6 = {
						CreatedOnToolsVersion = 26.5;
					};
				};
			};
			buildConfigurationList = 7DB9B1462FC3CB3B00A9A0D6 /* Build configuration list for PBXProject "koliko+" */;
			developmentRegion = en;
			hasScannedForEncodings = 0;
			knownRegions = (
				en,
				Base,
			);
			mainGroup = 7DB9B1422FC3CB3B00A9A0D6;
			minimizedProjectReferenceProxies = 1;
			preferredProjectObjectVersion = 77;
			productRefGroup = 7DB9B1422FC3CB3B00A9A0D6;
			projectDirPath = "";
			projectRoot = "";
			targets = (
				7DB9B14A2FC3CB3B00A9A0D6 /* koliko+ */,
			);
		};
/* End PBXProject section */

/* Begin PBXResourcesBuildPhase section */
		7DB9B1492FC3CB3B00A9A0D6 /* Resources */ = {
			isa = PBXResourcesBuildPhase;
			buildActionMask = 2147483647;
			files = (
				7DD70B052FCCBDD5005F10EA /* Poppins-SemiBold.ttf in Resources */,
				7DD70B062FCCBDD5005F10EA /* Poppins-Thin.ttf in Resources */,
				7DD70B072FCCBDD5005F10EA /* Poppins-BlackItalic.ttf in Resources */,
				7DD70B082FCCBDD5005F10EA /* Poppins-ExtraLight.ttf in Resources */,
				7DD70B0A2FCCBDD5005F10EA /* Poppins-Medium.ttf in Resources */,
				7DD70B0B2FCCBDD5005F10EA /* Poppins-ExtraBoldItalic.ttf in Resources */,
				7DD70B0C2FCCBDD5005F10EA /* Poppins-ExtraLightItalic.ttf in Resources */,
				7DD70B0D2FCCBDD5005F10EA /* Poppins-Italic.ttf in Resources */,
				7DD70B0E2FCCBDD5005F10EA /* Poppins-ThinItalic.ttf in Resources */,
				7DD70B0F2FCCBDD5005F10EA /* Poppins-LightItalic.ttf in Resources */,
				7DD70B102FCCBDD5005F10EA /* Poppins-Regular.ttf in Resources */,
				7DD70B112FCCBDD5005F10EA /* Poppins-BoldItalic.ttf in Resources */,
				7DD70B122FCCBDD5005F10EA /* Poppins-Black.ttf in Resources */,
				7DD70B132FCCBDD5005F10EA /* Poppins-Light.ttf in Resources */,
				7DD70B142FCCBDD5005F10EA /* Poppins-SemiBoldItalic.ttf in Resources */,
				7DD70B152FCCBDD5005F10EA /* Poppins-MediumItalic.ttf in Resources */,
				7DD70B162FCCBDD5005F10EA /* Poppins-ExtraBold.ttf in Resources */,
				7DD70B172FCCBDD5005F10EA /* Poppins-Bold.ttf in Resources */,
			);
			runOnlyForDeploymentPostprocessing = 0;
		};
/* End PBXResourcesBuildPhase section */

/* Begin PBXShellScriptBuildPhase section */
		7DD70B212FCCD431005F10EA /* ShellScript */ = {
			isa = PBXShellScriptBuildPhase;
			buildActionMask = 2147483647;
			files = (
			);
			inputFileListPaths = (
			);
			inputPaths = (
			);
			outputFileListPaths = (
			);
			outputPaths = (
			);
			runOnlyForDeploymentPostprocessing = 0;
			shellPath = /bin/sh;
			shellScript = "if which swiftlint > /dev/null; then\n    swiftlint\nelse\n    echo \"warning: SwiftLint not installed, download from https://github.com/realm/SwiftLint\"\nfi\n";
		};
/* End PBXShellScriptBuildPhase section */

/* Begin PBXSourcesBuildPhase section */
		7DB9B1472FC3CB3B00A9A0D6 /* Sources */ = {
			isa = PBXSourcesBuildPhase;
			buildActionMask = 2147483647;
			files = (
			);
			runOnlyForDeploymentPostprocessing = 0;
		};
/* End PBXSourcesBuildPhase section */

/* Begin XCBuildConfiguration section */
		7DB9B1542FC3CB3F00A9A0D6 /* Debug */ = {
			isa = XCBuildConfiguration;
			buildSettings = {
				ALWAYS_SEARCH_USER_PATHS = NO;
				ASSETCATALOG_COMPILER_GENERATE_SWIFT_ASSET_SYMBOL_EXTENSIONS = YES;
				CLANG_ANALYZER_NONNULL = YES;
				CLANG_ANALYZER_NUMBER_OBJECT_CONVERSION = YES_AGGRESSIVE;
				CLANG_CXX_LANGUAGE_STANDARD = "gnu++20";
				CLANG_ENABLE_MODULES = YES;
				CLANG_ENABLE_OBJC_ARC = YES;
				CLANG_ENABLE_OBJC_WEAK = YES;
				CLANG_WARN_BLOCK_CAPTURE_AUTORELEASING = YES;
				CLANG_WARN_BOOL_CONVERSION = YES;
				CLANG_WARN_COMMA = YES;
				CLANG_WARN_CONSTANT_CONVERSION = YES;
				CLANG_WARN_DEPRECATED_OBJC_IMPLEMENTATIONS = YES;
				CLANG_WARN_DIRECT_OBJC_ISA_USAGE = YES_ERROR;
				CLANG_WARN_DOCUMENTATION_COMMENTS = YES;
				CLANG_WARN_EMPTY_BODY = YES;
				CLANG_WARN_ENUM_CONVERSION = YES;
				CLANG_WARN_INFINITE_RECURSION = YES;
				CLANG_WARN_INT_CONVERSION = YES;
				CLANG_WARN_NON_LITERAL_NULL_CONVERSION = YES;
				CLANG_WARN_OBJC_IMPLICIT_RETAIN_SELF = YES;
				CLANG_WARN_OBJC_LITERAL_CONVERSION = YES;
				CLANG_WARN_OBJC_ROOT_CLASS = YES_ERROR;
				CLANG_WARN_QUOTED_INCLUDE_IN_FRAMEWORK_HEADER = YES;
				CLANG_WARN_RANGE_LOOP_ANALYSIS = YES;
				CLANG_WARN_STRICT_PROTOTYPES = YES;
				CLANG_WARN_SUSPICIOUS_MOVE = YES;
				CLANG_WARN_UNGUARDED_AVAILABILITY = YES_AGGRESSIVE;
				CLANG_WARN_UNREACHABLE_CODE = YES;
				CLANG_WARN__DUPLICATE_METHOD_MATCH = YES;
				COPY_PHASE_STRIP = NO;
				DEBUG_INFORMATION_FORMAT = dwarf;
				DEVELOPMENT_TEAM = 3MGBT9XHCG;
				ENABLE_STRICT_OBJC_MSGSEND = YES;
				ENABLE_TESTABILITY = YES;
				ENABLE_USER_SCRIPT_SANDBOXING = YES;
				GCC_C_LANGUAGE_STANDARD = gnu17;
				GCC_DYNAMIC_NO_PIC = NO;
				GCC_NO_COMMON_BLOCKS = YES;
				GCC_OPTIMIZATION_LEVEL = 0;
				GCC_PREPROCESSOR_DEFINITIONS = (
					"DEBUG=1",
					"$(inherited)",
				);
				GCC_WARN_64_TO_32_BIT_CONVERSION = YES;
				GCC_WARN_ABOUT_RETURN_TYPE = YES_ERROR;
				GCC_WARN_UNDECLARED_SELECTOR = YES;
				GCC_WARN_UNINITIALIZED_AUTOS = YES_AGGRESSIVE;
				GCC_WARN_UNUSED_FUNCTION = YES;
				GCC_WARN_UNUSED_VARIABLE = YES;
				IPHONEOS_DEPLOYMENT_TARGET = 26.5;
				LOCALIZATION_PREFERS_STRING_CATALOGS = YES;
				MTL_ENABLE_DEBUG_INFO = INCLUDE_SOURCE;
				MTL_FAST_MATH = YES;
				ONLY_ACTIVE_ARCH = YES;
				SDKROOT = iphoneos;
				SWIFT_ACTIVE_COMPILATION_CONDITIONS = "DEBUG $(inherited)";
				SWIFT_OPTIMIZATION_LEVEL = "-Onone";
			};
			name = Debug;
		};
		7DB9B1552FC3CB3F00A9A0D6 /* Release */ = {
			isa = XCBuildConfiguration;
			buildSettings = {
				ALWAYS_SEARCH_USER_PATHS = NO;
				ASSETCATALOG_COMPILER_GENERATE_SWIFT_ASSET_SYMBOL_EXTENSIONS = YES;
				CLANG_ANALYZER_NONNULL = YES;
				CLANG_ANALYZER_NUMBER_OBJECT_CONVERSION = YES_AGGRESSIVE;
				CLANG_CXX_LANGUAGE_STANDARD = "gnu++20";
				CLANG_ENABLE_MODULES = YES;
				CLANG_ENABLE_OBJC_ARC = YES;
				CLANG_ENABLE_OBJC_WEAK = YES;
				CLANG_WARN_BLOCK_CAPTURE_AUTORELEASING = YES;
				CLANG_WARN_BOOL_CONVERSION = YES;
				CLANG_WARN_COMMA = YES;
				CLANG_WARN_CONSTANT_CONVERSION = YES;
				CLANG_WARN_DEPRECATED_OBJC_IMPLEMENTATIONS = YES;
				CLANG_WARN_DIRECT_OBJC_ISA_USAGE = YES_ERROR;
				CLANG_WARN_DOCUMENTATION_COMMENTS = YES;
				CLANG_WARN_EMPTY_BODY = YES;
				CLANG_WARN_ENUM_CONVERSION = YES;
				CLANG_WARN_INFINITE_RECURSION = YES;
				CLANG_WARN_INT_CONVERSION = YES;
				CLANG_WARN_NON_LITERAL_NULL_CONVERSION = YES;
				CLANG_WARN_OBJC_IMPLICIT_RETAIN_SELF = YES;
				CLANG_WARN_OBJC_LITERAL_CONVERSION = YES;
				CLANG_WARN_OBJC_ROOT_CLASS = YES_ERROR;
				CLANG_WARN_QUOTED_INCLUDE_IN_FRAMEWORK_HEADER = YES;
				CLANG_WARN_RANGE_LOOP_ANALYSIS = YES;
				CLANG_WARN_STRICT_PROTOTYPES = YES;
				CLANG_WARN_SUSPICIOUS_MOVE = YES;
				CLANG_WARN_UNGUARDED_AVAILABILITY = YES_AGGRESSIVE;
				CLANG_WARN_UNREACHABLE_CODE = YES;
				CLANG_WARN__DUPLICATE_METHOD_MATCH = YES;
				COPY_PHASE_STRIP = NO;
				DEBUG_INFORMATION_FORMAT = "dwarf-with-dsym";
				DEVELOPMENT_TEAM = 3MGBT9XHCG;
				ENABLE_NS_ASSERTIONS = NO;
				ENABLE_STRICT_OBJC_MSGSEND = YES;
				ENABLE_USER_SCRIPT_SANDBOXING = YES;
				GCC_C_LANGUAGE_STANDARD = gnu17;
				GCC_NO_COMMON_BLOCKS = YES;
				GCC_WARN_64_TO_32_BIT_CONVERSION = YES;
				GCC_WARN_ABOUT_RETURN_TYPE = YES_ERROR;
				GCC_WARN_UNDECLARED_SELECTOR = YES;
				GCC_WARN_UNINITIALIZED_AUTOS = YES_AGGRESSIVE;
				GCC_WARN_UNUSED_FUNCTION = YES;
				GCC_WARN_UNUSED_VARIABLE = YES;
				IPHONEOS_DEPLOYMENT_TARGET = 26.5;
				LOCALIZATION_PREFERS_STRING_CATALOGS = YES;
				MTL_ENABLE_DEBUG_INFO = NO;
				MTL_FAST_MATH = YES;
				SDKROOT = iphoneos;
				SWIFT_COMPILATION_MODE = wholemodule;
				VALIDATE_PRODUCT = YES;
			};
			name = Release;
		};
		7DB9B1572FC3CB3F00A9A0D6 /* Debug */ = {
			isa = XCBuildConfiguration;
			buildSettings = {
				ASSETCATALOG_COMPILER_APPICON_NAME = AppIcon;
				ASSETCATALOG_COMPILER_GLOBAL_ACCENT_COLOR_NAME = AccentColor;
				CODE_SIGN_STYLE = Automatic;
				CURRENT_PROJECT_VERSION = 1;
				DEVELOPMENT_TEAM = 3MGBT9XHCG;
				ENABLE_PREVIEWS = YES;
				GENERATE_INFOPLIST_FILE = YES;
				INFOPLIST_FILE = "koliko--Info.plist";
				INFOPLIST_KEY_UIApplicationSceneManifest_Generation = YES;
				INFOPLIST_KEY_UIApplicationSupportsIndirectInputEvents = YES;
				INFOPLIST_KEY_UIStatusBarHidden = YES;
				INFOPLIST_KEY_UISupportedInterfaceOrientations_iPad = "UIInterfaceOrientationPortrait UIInterfaceOrientationPortraitUpsideDown UIInterfaceOrientationLandscapeLeft UIInterfaceOrientationLandscapeRight";
				INFOPLIST_KEY_UISupportedInterfaceOrientations_iPhone = "UIInterfaceOrientationPortrait UIInterfaceOrientationLandscapeLeft UIInterfaceOrientationLandscapeRight";
				LD_RUNPATH_SEARCH_PATHS = (
					"$(inherited)",
					"@executable_path/Frameworks",
				);
				MARKETING_VERSION = 1.0;
				PRODUCT_BUNDLE_IDENTIFIER = "com.joeacq.koliko-";
				PRODUCT_NAME = "$(TARGET_NAME)";
				STRING_CATALOG_GENERATE_SYMBOLS = YES;
				SUPPORTED_PLATFORMS = "iphoneos iphonesimulator";
				SUPPORTS_MACCATALYST = NO;
				SUPPORTS_MAC_DESIGNED_FOR_IPHONE_IPAD = NO;
				SUPPORTS_XR_DESIGNED_FOR_IPHONE_IPAD = NO;
				SWIFT_APPROACHABLE_CONCURRENCY = YES;
				SWIFT_DEFAULT_ACTOR_ISOLATION = MainActor;
				SWIFT_EMIT_LOC_STRINGS = YES;
				SWIFT_UPCOMING_FEATURE_MEMBER_IMPORT_VISIBILITY = YES;
				SWIFT_VERSION = 5.0;
				TARGETED_DEVICE_FAMILY = "1,2";
			};
			name = Debug;
		};
		7DB9B1582FC3CB3F00A9A0D6 /* Release */ = {
			isa = XCBuildConfiguration;
			buildSettings = {
				ASSETCATALOG_COMPILER_APPICON_NAME = AppIcon;
				ASSETCATALOG_COMPILER_GLOBAL_ACCENT_COLOR_NAME = AccentColor;
				CODE_SIGN_STYLE = Automatic;
				CURRENT_PROJECT_VERSION = 1;
				DEVELOPMENT_TEAM = 3MGBT9XHCG;
				ENABLE_PREVIEWS = YES;
				GENERATE_INFOPLIST_FILE = YES;
				INFOPLIST_FILE = "koliko--Info.plist";
				INFOPLIST_KEY_UIApplicationSceneManifest_Generation = YES;
				INFOPLIST_KEY_UIApplicationSupportsIndirectInputEvents = YES;
				INFOPLIST_KEY_UIStatusBarHidden = YES;
				INFOPLIST_KEY_UISupportedInterfaceOrientations_iPad = "UIInterfaceOrientationPortrait UIInterfaceOrientationPortraitUpsideDown UIInterfaceOrientationLandscapeLeft UIInterfaceOrientationLandscapeRight";
				INFOPLIST_KEY_UISupportedInterfaceOrientations_iPhone = "UIInterfaceOrientationPortrait UIInterfaceOrientationLandscapeLeft UIInterfaceOrientationLandscapeRight";
				LD_RUNPATH_SEARCH_PATHS = (
					"$(inherited)",
					"@executable_path/Frameworks",
				);
				MARKETING_VERSION = 1.0;
				PRODUCT_BUNDLE_IDENTIFIER = "com.joeacq.koliko-";
				PRODUCT_NAME = "$(TARGET_NAME)";
				STRING_CATALOG_GENERATE_SYMBOLS = YES;
				SUPPORTED_PLATFORMS = "iphoneos iphonesimulator";
				SUPPORTS_MACCATALYST = NO;
				SUPPORTS_MAC_DESIGNED_FOR_IPHONE_IPAD = NO;
				SUPPORTS_XR_DESIGNED_FOR_IPHONE_IPAD = NO;
				SWIFT_APPROACHABLE_CONCURRENCY = YES;
				SWIFT_DEFAULT_ACTOR_ISOLATION = MainActor;
				SWIFT_EMIT_LOC_STRINGS = YES;
				SWIFT_UPCOMING_FEATURE_MEMBER_IMPORT_VISIBILITY = YES;
				SWIFT_VERSION = 5.0;
				TARGETED_DEVICE_FAMILY = "1,2";
			};
			name = Release;
		};
/* End XCBuildConfiguration section */

/* Begin XCConfigurationList section */
		7DB9B1462FC3CB3B00A9A0D6 /* Build configuration list for PBXProject "koliko+" */ = {
			isa = XCConfigurationList;
			buildConfigurations = (
				7DB9B1542FC3CB3F00A9A0D6 /* Debug */,
				7DB9B1552FC3CB3F00A9A0D6 /* Release */,
			);
			defaultConfigurationIsVisible = 0;
			defaultConfigurationName = Release;
		};
		7DB9B1562FC3CB3F00A9A0D6 /* Build configuration list for PBXNativeTarget "koliko+" */ = {
			isa = XCConfigurationList;
			buildConfigurations = (
				7DB9B1572FC3CB3F00A9A0D6 /* Debug */,
				7DB9B1582FC3CB3F00A9A0D6 /* Release */,
			);
			defaultConfigurationIsVisible = 0;
			defaultConfigurationName = Release;
		};
/* End XCConfigurationList section */
	};
	rootObject = 7DB9B1432FC3CB3B00A9A0D6 /* Project object */;
}
